// !$*UTF8*$!
{
	archiveVersion = 1;
	classes = {
	};
	objectVersion = 50;
	objects = {

/* Begin PBXBuildFile section */
		E81AFEE825F46AF5003DF914 /* AppDelegate.swift in Sources */ = {isa = PBXBuildFile; fileRef = E81AFEE725F46AF5003DF914 /* AppDelegate.swift */; };
		E81AFEF125F46AF7003DF914 /* Assets.xcassets in Resources */ = {isa = PBXBuildFile; fileRef = E81AFEF025F46AF7003DF914 /* Assets.xcassets */; };
		E81AFEF425F46AF7003DF914 /* LaunchScreen.storyboard in Resources */ = {isa = PBXBuildFile; fileRef = E81AFEF225F46AF7003DF914 /* LaunchScreen.storyboard */; };
		E81AFF0625F4755F003DF914 /* Main.storyboard in Resources */ = {isa = PBXBuildFile; fileRef = E81AFF0525F4755F003DF914 /* Main.storyboard */; };
		E81AFF0E25F476DD003DF914 /* HomeViewController.swift in Sources */ = {isa = PBXBuildFile; fileRef = E81AFF0D25F476DD003DF914 /* HomeViewController.swift */; };
		E82CDDA1260ED0D7002BC824 /* SampleTableViewController.swift in Sources */ = {isa = PBXBuildFile; fileRef = E82CDDA0260ED0D7002BC824 /* SampleTableViewController.swift */; };
		E82CDDA5260ED93C002BC824 /* NewsTableViewCell.swift in Sources */ = {isa = PBXBuildFile; fileRef = E82CDDA4260ED93C002BC824 /* NewsTableViewCell.swift */; };
		E82CDDA9260EDB47002BC824 /* NewsTableViewCell.xib in Resources */ = {isa = PBXBuildFile; fileRef = E82CDDA8260EDB47002BC824 /* NewsTableViewCell.xib */; };
		E860E93826180CF100440B56 /* SampleCollectionViewController.swift in Sources */ = {isa = PBXBuildFile; fileRef = E860E93726180CF100440B56 /* SampleCollectionViewController.swift */; };
		E860E93D26180EB900440B56 /* CustomCollectionViewCell.swift in Sources */ = {isa = PBXBuildFile; fileRef = E860E93B26180EB900440B56 /* CustomCollectionViewCell.swift */; };
		E860E93E26180EB900440B56 /* CustomCollectionViewCell.xib in Resources */ = {isa = PBXBuildFile; fileRef = E860E93C26180EB900440B56 /* CustomCollectionViewCell.xib */; };
		E860E944261818E600440B56 /* CustomHeaderCollectionReusableView.swift in Sources */ = {isa = PBXBuildFile; fileRef = E860E942261818E600440B56 /* CustomHeaderCollectionReusableView.swift */; };
		E860E945261818E600440B56 /* CustomHeaderCollectionReusableView.xib in Resources */ = {isa = PBXBuildFile; fileRef = E860E943261818E600440B56 /* CustomHeaderCollectionReusableView.xib */; };
		E860E94826181FCC00440B56 /* CustomCollectionViewController.swift in Sources */ = {isa = PBXBuildFile; fileRef = E860E94726181FCC00440B56 /* CustomCollectionViewController.swift */; };
		E8C0CAB22606E3DC003A68DC /* AboutViewController.swift in Sources */ = {isa = PBXBuildFile; fileRef = E8C0CAB12606E3DC003A68DC /* AboutViewController.swift */; };
/* End PBXBuildFile section */

/* Begin PBXFileReference section */
		E81AFEE425F46AF5003DF914 /* sample_project.app */ = {isa = PBXFileReference; explicitFileType = wrapper.application; includeInIndex = 0; path = sample_project.app; sourceTree = BUILT_PRODUCTS_DIR; };
		E81AFEE725F46AF5003DF914 /* AppDelegate.swift */ = {isa = PBXFileReference; lastKnownFileType = sourcecode.swift; path = AppDelegate.swift; sourceTree = "<group>"; };
		E81AFEF025F46AF7003DF914 /* Assets.xcassets */ = {isa = PBXFileReference; lastKnownFileType = folder.assetcatalog; path = Assets.xcassets; sourceTree = "<group>"; };
		E81AFEF325F46AF7003DF914 /* Base */ = {isa = PBXFileReference; lastKnownFileType = file.storyboard; name = Base; path = Base.lproj/LaunchScreen.storyboard; sourceTree = "<group>"; };
		E81AFEF525F46AF7003DF914 /* Info.plist */ = {isa = PBXFileReference; lastKnownFileType = text.plist.xml; path = Info.plist; sourceTree = "<group>"; };
		E81AFF0525F4755F003DF914 /* Main.storyboard */ = {isa = PBXFileReference; lastKnownFileType = file.storyboard; path = Main.storyboard; sourceTree = "<group>"; };
		E81AFF0D25F476DD003DF914 /* HomeViewController.swift */ = {isa = PBXFileReference; lastKnownFileType = sourcecode.swift; path = HomeViewController.swift; sourceTree = "<group>"; };
		E82CDDA0260ED0D7002BC824 /* SampleTableViewController.swift */ = {isa = PBXFileReference; lastKnownFileType = sourcecode.swift; path = SampleTableViewController.swift; sourceTree = "<group>"; };
		E82CDDA4260ED93C002BC824 /* NewsTableViewCell.swift */ = {isa = PBXFileReference; lastKnownFileType = sourcecode.swift; path = NewsTableViewCell.swift; sourceTree = "<group>"; };
		E82CDDA8260EDB47002BC824 /* NewsTableViewCell.xib */ = {isa = PBXFileReference; lastKnownFileType = file.xib; path = NewsTableViewCell.xib; sourceTree = "<group>"; };
		E860E93726180CF100440B56 /* SampleCollectionViewController.swift */ = {isa = PBXFileReference; lastKnownFileType = sourcecode.swift; path = SampleCollectionViewController.swift; sourceTree = "<group>"; };
		E860E93B26180EB900440B56 /* CustomCollectionViewCell.swift */ = {isa = PBXFileReference; lastKnownFileType = sourcecode.swift; path = CustomCollectionViewCell.swift; sourceTree = "<group>"; };
		E860E93C26180EB900440B56 /* CustomCollectionViewCell.xib */ = {isa = PBXFileReference; lastKnownFileType = file.xib; path = CustomCollectionViewCell.xib; sourceTree = "<group>"; };
		E860E942261818E600440B56 /* CustomHeaderCollectionReusableView.swift */ = {isa = PBXFileReference; lastKnownFileType = sourcecode.swift; path = CustomHeaderCollectionReusableView.swift; sourceTree = "<group>"; };
		E860E943261818E600440B56 /* CustomHeaderCollectionReusableView.xib */ = {isa = PBXFileReference; lastKnownFileType = file.xib; path = CustomHeaderCollectionReusableView.xib; sourceTree = "<group>"; };
		E860E94726181FCC00440B56 /* CustomCollectionViewController.swift */ = {isa = PBXFileReference; lastKnownFileType = sourcecode.swift; path = CustomCollectionViewController.swift; sourceTree = "<group>"; };
		E8C0CAB12606E3DC003A68DC /* AboutViewController.swift */ = {isa = PBXFileReference; lastKnownFileType = sourcecode.swift; path = AboutViewController.swift; sourceTree = "<group>"; };
/* End PBXFileReference section */

/* Begin PBXFrameworksBuildPhase section */
		E81AFEE125F46AF5003DF914 /* Frameworks */ = {
			isa = PBXFrameworksBuildPhase;
			buildActionMask = 2147483647;
			files = (
			);
			runOnlyForDeploymentPostprocessing = 0;
		};
/* End PBXFrameworksBuildPhase section */

/* Begin PBXGroup section */
		E81AFEDB25F46AF5003DF914 = {
			isa = PBXGroup;
			children = (
				E81AFEE625F46AF5003DF914 /* sample_project */,
				E81AFEE525F46AF5003DF914 /* Products */,
			);
			sourceTree = "<group>";
		};
		E81AFEE525F46AF5003DF914 /* Products */ = {
			isa = PBXGroup;
			children = (
				E81AFEE425F46AF5003DF914 /* sample_project.app */,
			);
			name = Products;
			sourceTree = "<group>";
		};
		E81AFEE625F46AF5003DF914 /* sample_project */ = {
			isa = PBXGroup;
			children = (
				E81AFEE725F46AF5003DF914 /* AppDelegate.swift */,
				E81AFEF525F46AF7003DF914 /* Info.plist */,
				E81AFF0125F4701E003DF914 /* Resource */,
				E81AFEFD25F46FC5003DF914 /* Models */,
				E81AFEFE25F46FD5003DF914 /* Views */,
				E81AFEFF25F46FDA003DF914 /* Controllers */,
			);
			path = sample_project;
			sourceTree = "<group>";
		};
		E81AFEFD25F46FC5003DF914 /* Models */ = {
			isa = PBXGroup;
			children = (
			);
			path = Models;
			sourceTree = "<group>";
		};
		E81AFEFE25F46FD5003DF914 /* Views */ = {
			isa = PBXGroup;
			children = (
				E81AFF0525F4755F003DF914 /* Main.storyboard */,
			);
			path = Views;
			sourceTree = "<group>";
		};
		E81AFEFF25F46FDA003DF914 /* Controllers */ = {
			isa = PBXGroup;
			children = (
				E860E941261818B800440B56 /* CollectionView ReusableViews */,
				E860E93A26180E7D00440B56 /* CollectionView Cells */,
				E82CDDA3260ED90C002BC824 /* TableView Cells */,
				E81AFF0D25F476DD003DF914 /* HomeViewController.swift */,
				E8C0CAB12606E3DC003A68DC /* AboutViewController.swift */,
				E82CDDA0260ED0D7002BC824 /* SampleTableViewController.swift */,
				E860E93726180CF100440B56 /* SampleCollectionViewController.swift */,
				E860E94726181FCC00440B56 /* CustomCollectionViewController.swift */,
			);
			path = Controllers;
			sourceTree = "<group>";
		};
		E81AFF0125F4701E003DF914 /* Resource */ = {
			isa = PBXGroup;
			children = (
				E81AFEF025F46AF7003DF914 /* Assets.xcassets */,
				E81AFEF225F46AF7003DF914 /* LaunchScreen.storyboard */,
			);
			path = Resource;
			sourceTree = "<group>";
		};
		E82CDDA3260ED90C002BC824 /* TableView Cells */ = {
			isa = PBXGroup;
			children = (
				E82CDDA4260ED93C002BC824 /* NewsTableViewCell.swift */,
				E82CDDA8260EDB47002BC824 /* NewsTableViewCell.xib */,
			);
			path = "TableView Cells";
			sourceTree = "<group>";
		};
		E860E93A26180E7D00440B56 /* CollectionView Cells */ = {
			isa = PBXGroup;
			children = (
				E860E93B26180EB900440B56 /* CustomCollectionViewCell.swift */,
				E860E93C26180EB900440B56 /* CustomCollectionViewCell.xib */,
			);
			path = "CollectionView Cells";
			sourceTree = "<group>";
		};
		E860E941261818B800440B56 /* CollectionView ReusableViews */ = {
			isa = PBXGroup;
			children = (
				E860E942261818E600440B56 /* CustomHeaderCollectionReusableView.swift */,
				E860E943261818E600440B56 /* CustomHeaderCollectionReusableView.xib */,
			);
			path = "CollectionView ReusableViews";
			sourceTree = "<group>";
		};
/* End PBXGroup section */

/* Begin PBXNativeTarget section */
		E81AFEE325F46AF5003DF914 /* sample_project */ = {
			isa = PBXNativeTarget;
			buildConfigurationList = E81AFEF825F46AF7003DF914 /* Build configuration list for PBXNativeTarget "sample_project" */;
			buildPhases = (
				E81AFEE025F46AF5003DF914 /* Sources */,
				E81AFEE125F46AF5003DF914 /* Frameworks */,
				E81AFEE225F46AF5003DF914 /* Resources */,
			);
			buildRules = (
			);
			dependencies = (
			);
			name = sample_project;
			productName = sample_project;
			productReference = E81AFEE425F46AF5003DF914 /* sample_project.app */;
			productType = "com.apple.product-type.application";
		};
/* End PBXNativeTarget section */

/* Begin PBXProject section */
		E81AFEDC25F46AF5003DF914 /* Project object */ = {
			isa = PBXProject;
			attributes = {
				LastSwiftUpdateCheck = 1240;
				LastUpgradeCheck = 1240;
				TargetAttributes = {
					E81AFEE325F46AF5003DF914 = {
						CreatedOnToolsVersion = 12.4;
					};
				};
			};
			buildConfigurationList = E81AFEDF25F46AF5003DF914 /* Build configuration list for PBXProject "sample_project" */;
			compatibilityVersion = "Xcode 9.3";
			developmentRegion = en;
			hasScannedForEncodings = 0;
			knownRegions = (
				en,
				Base,
			);
			mainGroup = E81AFEDB25F46AF5003DF914;
			productRefGroup = E81AFEE525F46AF5003DF914 /* Products */;
			projectDirPath = "";
			projectRoot = "";
			targets = (
				E81AFEE325F46AF5003DF914 /* sample_project */,
			);
		};
/* End PBXProject section */

/* Begin PBXResourcesBuildPhase section */
		E81AFEE225F46AF5003DF914 /* Resources */ = {
			isa = PBXResourcesBuildPhase;
			buildActionMask = 2147483647;
			files = (
				E81AFF0625F4755F003DF914 /* Main.storyboard in Resources */,
				E81AFEF425F46AF7003DF914 /* LaunchScreen.storyboard in Resources */,
				E82CDDA9260EDB47002BC824 /* NewsTableViewCell.xib in Resources */,
				E860E93E26180EB900440B56 /* CustomCollectionViewCell.xib in Resources */,
				E81AFEF125F46AF7003DF914 /* Assets.xcassets in Resources */,
				E860E945261818E600440B56 /* CustomHeaderCollectionReusableView.xib in Resources */,
			);
			runOnlyForDeploymentPostprocessing = 0;
		};
/* End PBXResourcesBuildPhase section */

/* Begin PBXSourcesBuildPhase section */
		E81AFEE025F46AF5003DF914 /* Sources */ = {
			isa = PBXSourcesBuildPhase;
			buildActionMask = 2147483647;
			files = (
				E8C0CAB22606E3DC003A68DC /* AboutViewController.swift in Sources */,
				E860E944261818E600440B56 /* CustomHeaderCollectionReusableView.swift in Sources */,
				E860E93D26180EB900440B56 /* CustomCollectionViewCell.swift in Sources */,
				E81AFEE825F46AF5003DF914 /* AppDelegate.swift in Sources */,
				E82CDDA5260ED93C002BC824 /* NewsTableViewCell.swift in Sources */,
				E860E94826181FCC00440B56 /* CustomCollectionViewController.swift in Sources */,
				E81AFF0E25F476DD003DF914 /* HomeViewController.swift in Sources */,
				E860E93826180CF100440B56 /* SampleCollectionViewController.swift in Sources */,
				E82CDDA1260ED0D7002BC824 /* SampleTableViewController.swift in Sources */,
			);
			runOnlyForDeploymentPostprocessing = 0;
		};
/* End PBXSourcesBuildPhase section */

/* Begin PBXVariantGroup section */
		E81AFEF225F46AF7003DF914 /* LaunchScreen.storyboard */ = {
			isa = PBXVariantGroup;
			children = (
				E81AFEF325F46AF7003DF914 /* Base */,
			);
			name = LaunchScreen.storyboard;
			sourceTree = "<group>";
		};
/* End PBXVariantGroup section */

/* Begin XCBuildConfiguration section */
		E81AFEF625F46AF7003DF914 /* Debug */ = {
			isa = XCBuildConfiguration;
			buildSettings = {
				ALWAYS_SEARCH_USER_PATHS = NO;
				CLANG_ANALYZER_NONNULL = YES;
				CLANG_ANALYZER_NUMBER_OBJECT_CONVERSION = YES_AGGRESSIVE;
				CLANG_CXX_LANGUAGE_STANDARD = "gnu++14";
				CLANG_CXX_LIBRARY = "libc++";
				CLANG_ENABLE_MODULES = YES;
				CLANG_ENABLE_OBJC_ARC = YES;
				CLANG_ENABLE_OBJC_WEAK = YES;
				CLANG_WARN_BLOCK_CAPTURE_AUTORELEASING = YES;
				CLANG_WARN_BOOL_CONVERSION = YES;
				CLANG_WARN_COMMA = YES;
				CLANG_WARN_CONSTANT_CONVERSION = YES;
				CLANG_WARN_DEPRECATED_OBJC_IMPLEMENTATIONS = YES;
				CLANG_WARN_DIRECT_OBJC_ISA_USAGE = YES_ERROR;
				CLANG_WARN_DOCUMENTATION_COMMENTS = YES;
				CLANG_WARN_EMPTY_BODY = YES;
				CLANG_WARN_ENUM_CONVERSION = YES;
				CLANG_WARN_INFINITE_RECURSION = YES;
				CLANG_WARN_INT_CONVERSION = YES;
				CLANG_WARN_NON_LITERAL_NULL_CONVERSION = YES;
				CLANG_WARN_OBJC_IMPLICIT_RETAIN_SELF = YES;
				CLANG_WARN_OBJC_LITERAL_CONVERSION = YES;
				CLANG_WARN_OBJC_ROOT_CLASS = YES_ERROR;
				CLANG_WARN_QUOTED_INCLUDE_IN_FRAMEWORK_HEADER = YES;
				CLANG_WARN_RANGE_LOOP_ANALYSIS = YES;
				CLANG_WARN_STRICT_PROTOTYPES = YES;
				CLANG_WARN_SUSPICIOUS_MOVE = YES;
				CLANG_WARN_UNGUARDED_AVAILABILITY = YES_AGGRESSIVE;
				CLANG_WARN_UNREACHABLE_CODE = YES;
				CLANG_WARN__DUPLICATE_METHOD_MATCH = YES;
				COPY_PHASE_STRIP = NO;
				DEBUG_INFORMATION_FORMAT = dwarf;
				ENABLE_STRICT_OBJC_MSGSEND = YES;
				ENABLE_TESTABILITY = YES;
				GCC_C_LANGUAGE_STANDARD = gnu11;
				GCC_DYNAMIC_NO_PIC = NO;
				GCC_NO_COMMON_BLOCKS = YES;
				GCC_OPTIMIZATION_LEVEL = 0;
				GCC_PREPROCESSOR_DEFINITIONS = (
					"DEBUG=1",
					"$(inherited)",
				);
				GCC_WARN_64_TO_32_BIT_CONVERSION = YES;
				GCC_WARN_ABOUT_RETURN_TYPE = YES_ERROR;
				GCC_WARN_UNDECLARED_SELECTOR = YES;
				GCC_WARN_UNINITIALIZED_AUTOS = YES_AGGRESSIVE;
				GCC_WARN_UNUSED_FUNCTION = YES;
				GCC_WARN_UNUSED_VARIABLE = YES;
				IPHONEOS_DEPLOYMENT_TARGET = 14.4;
				MTL_ENABLE_DEBUG_INFO = INCLUDE_SOURCE;
				MTL_FAST_MATH = YES;
				ONLY_ACTIVE_ARCH = YES;
				SDKROOT = iphoneos;
				SWIFT_ACTIVE_COMPILATION_CONDITIONS = DEBUG;
				SWIFT_OPTIMIZATION_LEVEL = "-Onone";
			};
			name = Debug;
		};
		E81AFEF725F46AF7003DF914 /* Release */ = {
			isa = XCBuildConfiguration;
			buildSettings = {
				ALWAYS_SEARCH_USER_PATHS = NO;
				CLANG_ANALYZER_NONNULL = YES;
				CLANG_ANALYZER_NUMBER_OBJECT_CONVERSION = YES_AGGRESSIVE;
				CLANG_CXX_LANGUAGE_STANDARD = "gnu++14";
				CLANG_CXX_LIBRARY = "libc++";
				CLANG_ENABLE_MODULES = YES;
				CLANG_ENABLE_OBJC_ARC = YES;
				CLANG_ENABLE_OBJC_WEAK = YES;
				CLANG_WARN_BLOCK_CAPTURE_AUTORELEASING = YES;
				CLANG_WARN_BOOL_CONVERSION = YES;
				CLANG_WARN_COMMA = YES;
				CLANG_WARN_CONSTANT_CONVERSION = YES;
				CLANG_WARN_DEPRECATED_OBJC_IMPLEMENTATIONS = YES;
				CLANG_WARN_DIRECT_OBJC_ISA_USAGE = YES_ERROR;
				CLANG_WARN_DOCUMENTATION_COMMENTS = YES;
				CLANG_WARN_EMPTY_BODY = YES;
				CLANG_WARN_ENUM_CONVERSION = YES;
				CLANG_WARN_INFINITE_RECURSION = YES;
				CLANG_WARN_INT_CONVERSION = YES;
				CLANG_WARN_NON_LITERAL_NULL_CONVERSION = YES;
				CLANG_WARN_OBJC_IMPLICIT_RETAIN_SELF = YES;
				CLANG_WARN_OBJC_LITERAL_CONVERSION = YES;
				CLANG_WARN_OBJC_ROOT_CLASS = YES_ERROR;
				CLANG_WARN_QUOTED_INCLUDE_IN_FRAMEWORK_HEADER = YES;
				CLANG_WARN_RANGE_LOOP_ANALYSIS = YES;
				CLANG_WARN_STRICT_PROTOTYPES = YES;
				CLANG_WARN_SUSPICIOUS_MOVE = YES;
				CLANG_WARN_UNGUARDED_AVAILABILITY = YES_AGGRESSIVE;
				CLANG_WARN_UNREACHABLE_CODE = YES;
				CLANG_WARN__DUPLICATE_METHOD_MATCH = YES;
				COPY_PHASE_STRIP = NO;
				DEBUG_INFORMATION_FORMAT = "dwarf-with-dsym";
				ENABLE_NS_ASSERTIONS = NO;
				ENABLE_STRICT_OBJC_MSGSEND = YES;
				GCC_C_LANGUAGE_STANDARD = gnu11;
				GCC_NO_COMMON_BLOCKS = YES;
				GCC_WARN_64_TO_32_BIT_CONVERSION = YES;
				GCC_WARN_ABOUT_RETURN_TYPE = YES_ERROR;
				GCC_WARN_UNDECLARED_SELECTOR = YES;
				GCC_WARN_UNINITIALIZED_AUTOS = YES_AGGRESSIVE;
				GCC_WARN_UNUSED_FUNCTION = YES;
				GCC_WARN_UNUSED_VARIABLE = YES;
				IPHONEOS_DEPLOYMENT_TARGET = 14.4;
				MTL_ENABLE_DEBUG_INFO = NO;
				MTL_FAST_MATH = YES;
				SDKROOT = iphoneos;
				SWIFT_COMPILATION_MODE = wholemodule;
				SWIFT_OPTIMIZATION_LEVEL = "-O";
				VALIDATE_PRODUCT = YES;
			};
			name = Release;
		};
		E81AFEF925F46AF7003DF914 /* Debug */ = {
			isa = XCBuildConfiguration;
			buildSettings = {
				ASSETCATALOG_COMPILER_APPICON_NAME = AppIcon;
				ASSETCATALOG_COMPILER_GLOBAL_ACCENT_COLOR_NAME = AccentColor;
				CODE_SIGN_STYLE = Automatic;
				CURRENT_PROJECT_VERSION = 1;
				INFOPLIST_FILE = sample_project/Info.plist;
				IPHONEOS_DEPLOYMENT_TARGET = 11.0;
				LD_RUNPATH_SEARCH_PATHS = (
					"$(inherited)",
					"@executable_path/Frameworks",
				);
				MARKETING_VERSION = 1.0;
				PRODUCT_BUNDLE_IDENTIFIER = "com.test.course.sample-project";
				PRODUCT_NAME = "$(TARGET_NAME)";
				SWIFT_VERSION = 5.0;
				TARGETED_DEVICE_FAMILY = 1;
			};
			name = Debug;
		};
		E81AFEFA25F46AF7003DF914 /* Release */ = {
			isa = XCBuildConfiguration;
			buildSettings = {
				ASSETCATALOG_COMPILER_APPICON_NAME = AppIcon;
				ASSETCATALOG_COMPILER_GLOBAL_ACCENT_COLOR_NAME = AccentColor;
				CODE_SIGN_STYLE = Automatic;
				CURRENT_PROJECT_VERSION = 1;
				INFOPLIST_FILE = sample_project/Info.plist;
				IPHONEOS_DEPLOYMENT_TARGET = 11.0;
				LD_RUNPATH_SEARCH_PATHS = (
					"$(inherited)",
					"@executable_path/Frameworks",
				);
				MARKETING_VERSION = 1.0;
				PRODUCT_BUNDLE_IDENTIFIER = "com.test.course.sample-project";
				PRODUCT_NAME = "$(TARGET_NAME)";
				SWIFT_VERSION = 5.0;
				TARGETED_DEVICE_FAMILY = 1;
			};
			name = Release;
		};
/* End XCBuildConfiguration section */

/* Begin XCConfigurationList section */
		E81AFEDF25F46AF5003DF914 /* Build configuration list for PBXProject "sample_project" */ = {
			isa = XCConfigurationList;
			buildConfigurations = (
				E81AFEF625F46AF7003DF914 /* Debug */,
				E81AFEF725F46AF7003DF914 /* Release */,
			);
			defaultConfigurationIsVisible = 0;
			defaultConfigurationName = Release;
		};
		E81AFEF825F46AF7003DF914 /* Build configuration list for PBXNativeTarget "sample_project" */ = {
			isa = XCConfigurationList;
			buildConfigurations = (
				E81AFEF925F46AF7003DF914 /* Debug */,
				E81AFEFA25F46AF7003DF914 /* Release */,
			);
			defaultConfigurationIsVisible = 0;
			defaultConfigurationName = Release;
		};
/* End XCConfigurationList section */
	};
	rootObject = E81AFEDC25F46AF5003DF914 /* Project object */;
}
